// !$*UTF8*$!
{
	archiveVersion = 1;
	classes = {
	};
	objectVersion = 56;
	objects = {

/* Begin PBXBuildFile section */
		3645C0802948F26B009DA373 /* WatchOdoAlphaApp.swift in Sources */ = {isa = PBXBuildFile; fileRef = 3645C07F2948F26B009DA373 /* WatchOdoAlphaApp.swift */; };
		3645C0822948F26B009DA373 /* ContentView.swift in Sources */ = {isa = PBXBuildFile; fileRef = 3645C0812948F26B009DA373 /* ContentView.swift */; };
		3645C0842948F26C009DA373 /* Assets.xcassets in Resources */ = {isa = PBXBuildFile; fileRef = 3645C0832948F26C009DA373 /* Assets.xcassets */; };
		3645C0872948F26C009DA373 /* Preview Assets.xcassets in Resources */ = {isa = PBXBuildFile; fileRef = 3645C0862948F26C009DA373 /* Preview Assets.xcassets */; };
		3645C08D2948F26C009DA373 /* WatchOdoAlpha Watch App.app in Embed Watch Content */ = {isa = PBXBuildFile; fileRef = 3645C08C2948F26C009DA373 /* WatchOdoAlpha Watch App.app */; settings = {ATTRIBUTES = (RemoveHeadersOnCopy, ); }; };
		3645C0922948F26C009DA373 /* WatchOdoAlphaApp.swift in Sources */ = {isa = PBXBuildFile; fileRef = 3645C0912948F26C009DA373 /* WatchOdoAlphaApp.swift */; };
		3645C0942948F26C009DA373 /* ContentView.swift in Sources */ = {isa = PBXBuildFile; fileRef = 3645C0932948F26C009DA373 /* ContentView.swift */; };
		3645C0962948F26D009DA373 /* Assets.xcassets in Resources */ = {isa = PBXBuildFile; fileRef = 3645C0952948F26D009DA373 /* Assets.xcassets */; };
		3645C0992948F26D009DA373 /* Preview Assets.xcassets in Resources */ = {isa = PBXBuildFile; fileRef = 3645C0982948F26D009DA373 /* Preview Assets.xcassets */; };
/* End PBXBuildFile section */

/* Begin PBXContainerItemProxy section */
		3645C08E2948F26C009DA373 /* PBXContainerItemProxy */ = {
			isa = PBXContainerItemProxy;
			containerPortal = 3645C0742948F26B009DA373 /* Project object */;
			proxyType = 1;
			remoteGlobalIDString = 3645C08B2948F26C009DA373;
			remoteInfo = "WatchOdoAlpha Watch App";
		};
/* End PBXContainerItemProxy section */

/* Begin PBXCopyFilesBuildPhase section */
		3645C09F2948F26D009DA373 /* Embed Watch Content */ = {
			isa = PBXCopyFilesBuildPhase;
			buildActionMask = 2147483647;
			dstPath = "$(CONTENTS_FOLDER_PATH)/Watch";
			dstSubfolderSpec = 16;
			files = (
				3645C08D2948F26C009DA373 /* WatchOdoAlpha Watch App.app in Embed Watch Content */,
			);
			name = "Embed Watch Content";
			runOnlyForDeploymentPostprocessing = 0;
		};
/* End PBXCopyFilesBuildPhase section */

/* Begin PBXFileReference section */
		3645C07C2948F26B009DA373 /* WatchOdoAlpha.app */ = {isa = PBXFileReference; explicitFileType = wrapper.application; includeInIndex = 0; path = WatchOdoAlpha.app; sourceTree = BUILT_PRODUCTS_DIR; };
		3645C07F2948F26B009DA373 /* WatchOdoAlphaApp.swift */ = {isa = PBXFileReference; lastKnownFileType = sourcecode.swift; path = WatchOdoAlphaApp.swift; sourceTree = "<group>"; };
		3645C0812948F26B009DA373 /* ContentView.swift */ = {isa = PBXFileReference; lastKnownFileType = sourcecode.swift; path = ContentView.swift; sourceTree = "<group>"; };
		3645C0832948F26C009DA373 /* Assets.xcassets */ = {isa = PBXFileReference; lastKnownFileType = folder.assetcatalog; path = Assets.xcassets; sourceTree = "<group>"; };
		3645C0862948F26C009DA373 /* Preview Assets.xcassets */ = {isa = PBXFileReference; lastKnownFileType = folder.assetcatalog; path = "Preview Assets.xcassets"; sourceTree = "<group>"; };
		3645C08C2948F26C009DA373 /* WatchOdoAlpha Watch App.app */ = {isa = PBXFileReference; explicitFileType = wrapper.application; includeInIndex = 0; path = "WatchOdoAlpha Watch App.app"; sourceTree = BUILT_PRODUCTS_DIR; };
		3645C0912948F26C009DA373 /* WatchOdoAlphaApp.swift */ = {isa = PBXFileReference; lastKnownFileType = sourcecode.swift; path = WatchOdoAlphaApp.swift; sourceTree = "<group>"; };
		3645C0932948F26C009DA373 /* ContentView.swift */ = {isa = PBXFileReference; lastKnownFileType = sourcecode.swift; path = ContentView.swift; sourceTree = "<group>"; };
		3645C0952948F26D009DA373 /* Assets.xcassets */ = {isa = PBXFileReference; lastKnownFileType = folder.assetcatalog; path = Assets.xcassets; sourceTree = "<group>"; };
		3645C0982948F26D009DA373 /* Preview Assets.xcassets */ = {isa = PBXFileReference; lastKnownFileType = folder.assetcatalog; path = "Preview Assets.xcassets"; sourceTree = "<group>"; };
/* End PBXFileReference section */

/* Begin PBXFrameworksBuildPhase section */
		3645C0792948F26B009DA373 /* Frameworks */ = {
			isa = PBXFrameworksBuildPhase;
			buildActionMask = 2147483647;
			files = (
			);
			runOnlyForDeploymentPostprocessing = 0;
		};
		3645C0892948F26C009DA373 /* Frameworks */ = {
			isa = PBXFrameworksBuildPhase;
			buildActionMask = 2147483647;
			files = (
			);
			runOnlyForDeploymentPostprocessing = 0;
		};
/* End PBXFrameworksBuildPhase section */

/* Begin PBXGroup section */
		3645C0732948F26B009DA373 = {
			isa = PBXGroup;
			children = (
				3645C07E2948F26B009DA373 /* WatchOdoAlpha */,
				3645C0902948F26C009DA373 /* WatchOdoAlpha Watch App */,
				3645C07D2948F26B009DA373 /* Products */,
			);
			sourceTree = "<group>";
		};
		3645C07D2948F26B009DA373 /* Products */ = {
			isa = PBXGroup;
			children = (
				3645C07C2948F26B009DA373 /* WatchOdoAlpha.app */,
				3645C08C2948F26C009DA373 /* WatchOdoAlpha Watch App.app */,
			);
			name = Products;
			sourceTree = "<group>";
		};
		3645C07E2948F26B009DA373 /* WatchOdoAlpha */ = {
			isa = PBXGroup;
			children = (
				3645C07F2948F26B009DA373 /* WatchOdoAlphaApp.swift */,
				3645C0812948F26B009DA373 /* ContentView.swift */,
				3645C0832948F26C009DA373 /* Assets.xcassets */,
				3645C0852948F26C009DA373 /* Preview Content */,
			);
			path = WatchOdoAlpha;
			sourceTree = "<group>";
		};
		3645C0852948F26C009DA373 /* Preview Content */ = {
			isa = PBXGroup;
			children = (
				3645C0862948F26C009DA373 /* Preview Assets.xcassets */,
			);
			path = "Preview Content";
			sourceTree = "<group>";
		};
		3645C0902948F26C009DA373 /* WatchOdoAlpha Watch App */ = {
			isa = PBXGroup;
			children = (
				3645C0912948F26C009DA373 /* WatchOdoAlphaApp.swift */,
				3645C0932948F26C009DA373 /* ContentView.swift */,
				3645C0952948F26D009DA373 /* Assets.xcassets */,
				3645C0972948F26D009DA373 /* Preview Content */,
			);
			path = "WatchOdoAlpha Watch App";
			sourceTree = "<group>";
		};
		3645C0972948F26D009DA373 /* Preview Content */ = {
			isa = PBXGroup;
			children = (
				3645C0982948F26D009DA373 /* Preview Assets.xcassets */,
			);
			path = "Preview Content";
			sourceTree = "<group>";
		};
/* End PBXGroup section */

/* Begin PBXNativeTarget section */
		3645C07B2948F26B009DA373 /* WatchOdoAlpha */ = {
			isa = PBXNativeTarget;
			buildConfigurationList = 3645C0A02948F26D009DA373 /* Build configuration list for PBXNativeTarget "WatchOdoAlpha" */;
			buildPhases = (
				3645C0782948F26B009DA373 /* Sources */,
				3645C0792948F26B009DA373 /* Frameworks */,
				3645C07A2948F26B009DA373 /* Resources */,
				3645C09F2948F26D009DA373 /* Embed Watch Content */,
			);
			buildRules = (
			);
			dependencies = (
				3645C08F2948F26C009DA373 /* PBXTargetDependency */,
			);
			name = WatchOdoAlpha;
			productName = WatchOdoAlpha;
			productReference = 3645C07C2948F26B009DA373 /* WatchOdoAlpha.app */;
			productType = "com.apple.product-type.application";
		};
		3645C08B2948F26C009DA373 /* WatchOdoAlpha Watch App */ = {
			isa = PBXNativeTarget;
			buildConfigurationList = 3645C09C2948F26D009DA373 /* Build configuration list for PBXNativeTarget "WatchOdoAlpha Watch App" */;
			buildPhases = (
				3645C0882948F26C009DA373 /* Sources */,
				3645C0892948F26C009DA373 /* Frameworks */,
				3645C08A2948F26C009DA373 /* Resources */,
			);
			buildRules = (
			);
			dependencies = (
			);
			name = "WatchOdoAlpha Watch App";
			productName = "WatchOdoAlpha Watch App";
			productReference = 3645C08C2948F26C009DA373 /* WatchOdoAlpha Watch App.app */;
			productType = "com.apple.product-type.application";
		};
/* End PBXNativeTarget section */

/* Begin PBXProject section */
		3645C0742948F26B009DA373 /* Project object */ = {
			isa = PBXProject;
			attributes = {
				BuildIndependentTargetsInParallel = 1;
				LastSwiftUpdateCheck = 1410;
				LastUpgradeCheck = 1410;
				TargetAttributes = {
					3645C07B2948F26B009DA373 = {
						CreatedOnToolsVersion = 14.1;
					};
					3645C08B2948F26C009DA373 = {
						CreatedOnToolsVersion = 14.1;
					};
				};
			};
			buildConfigurationList = 3645C0772948F26B009DA373 /* Build configuration list for PBXProject "WatchOdoAlpha" */;
			compatibilityVersion = "Xcode 14.0";
			developmentRegion = en;
			hasScannedForEncodings = 0;
			knownRegions = (
				en,
				Base,
			);
			mainGroup = 3645C0732948F26B009DA373;
			productRefGroup = 3645C07D2948F26B009DA373 /* Products */;
			projectDirPath = "";
			projectRoot = "";
			targets = (
				3645C07B2948F26B009DA373 /* WatchOdoAlpha */,
				3645C08B2948F26C009DA373 /* WatchOdoAlpha Watch App */,
			);
		};
/* End PBXProject section */

/* Begin PBXResourcesBuildPhase section */
		3645C07A2948F26B009DA373 /* Resources */ = {
			isa = PBXResourcesBuildPhase;
			buildActionMask = 2147483647;
			files = (
				3645C0872948F26C009DA373 /* Preview Assets.xcassets in Resources */,
				3645C0842948F26C009DA373 /* Assets.xcassets in Resources */,
			);
			runOnlyForDeploymentPostprocessing = 0;
		};
		3645C08A2948F26C009DA373 /* Resources */ = {
			isa = PBXResourcesBuildPhase;
			buildActionMask = 2147483647;
			files = (
				3645C0992948F26D009DA373 /* Preview Assets.xcassets in Resources */,
				3645C0962948F26D009DA373 /* Assets.xcassets in Resources */,
			);
			runOnlyForDeploymentPostprocessing = 0;
		};
/* End PBXResourcesBuildPhase section */

/* Begin PBXSourcesBuildPhase section */
		3645C0782948F26B009DA373 /* Sources */ = {
			isa = PBXSourcesBuildPhase;
			buildActionMask = 2147483647;
			files = (
				3645C0822948F26B009DA373 /* ContentView.swift in Sources */,
				3645C0802948F26B009DA373 /* WatchOdoAlphaApp.swift in Sources */,
			);
			runOnlyForDeploymentPostprocessing = 0;
		};
		3645C0882948F26C009DA373 /* Sources */ = {
			isa = PBXSourcesBuildPhase;
			buildActionMask = 2147483647;
			files = (
				3645C0942948F26C009DA373 /* ContentView.swift in Sources */,
				3645C0922948F26C009DA373 /* WatchOdoAlphaApp.swift in Sources */,
			);
			runOnlyForDeploymentPostprocessing = 0;
		};
/* End PBXSourcesBuildPhase section */

/* Begin PBXTargetDependency section */
		3645C08F2948F26C009DA373 /* PBXTargetDependency */ = {
			isa = PBXTargetDependency;
			target = 3645C08B2948F26C009DA373 /* WatchOdoAlpha Watch App */;
			targetProxy = 3645C08E2948F26C009DA373 /* PBXContainerItemProxy */;
		};
/* End PBXTargetDependency section */

/* Begin XCBuildConfiguration section */
		3645C09A2948F26D009DA373 /* Debug */ = {
			isa = XCBuildConfiguration;
			buildSettings = {
				ALWAYS_SEARCH_USER_PATHS = NO;
				CLANG_ANALYZER_NONNULL = YES;
				CLANG_ANALYZER_NUMBER_OBJECT_CONVERSION = YES_AGGRESSIVE;
				CLANG_CXX_LANGUAGE_STANDARD = "gnu++20";
				CLANG_ENABLE_MODULES = YES;
				CLANG_ENABLE_OBJC_ARC = YES;
				CLANG_ENABLE_OBJC_WEAK = YES;
				CLANG_WARN_BLOCK_CAPTURE_AUTORELEASING = YES;
				CLANG_WARN_BOOL_CONVERSION = YES;
				CLANG_WARN_COMMA = YES;
				CLANG_WARN_CONSTANT_CONVERSION = YES;
				CLANG_WARN_DEPRECATED_OBJC_IMPLEMENTATIONS = YES;
				CLANG_WARN_DIRECT_OBJC_ISA_USAGE = YES_ERROR;
				CLANG_WARN_DOCUMENTATION_COMMENTS = YES;
				CLANG_WARN_EMPTY_BODY = YES;
				CLANG_WARN_ENUM_CONVERSION = YES;
				CLANG_WARN_INFINITE_RECURSION = YES;
				CLANG_WARN_INT_CONVERSION = YES;
				CLANG_WARN_NON_LITERAL_NULL_CONVERSION = YES;
				CLANG_WARN_OBJC_IMPLICIT_RETAIN_SELF = YES;
				CLANG_WARN_OBJC_LITERAL_CONVERSION = YES;
				CLANG_WARN_OBJC_ROOT_CLASS = YES_ERROR;
				CLANG_WARN_QUOTED_INCLUDE_IN_FRAMEWORK_HEADER = YES;
				CLANG_WARN_RANGE_LOOP_ANALYSIS = YES;
				CLANG_WARN_STRICT_PROTOTYPES = YES;
				CLANG_WARN_SUSPICIOUS_MOVE = YES;
				CLANG_WARN_UNGUARDED_AVAILABILITY = YES_AGGRESSIVE;
				CLANG_WARN_UNREACHABLE_CODE = YES;
				CLANG_WARN__DUPLICATE_METHOD_MATCH = YES;
				COPY_PHASE_STRIP = NO;
				DEBUG_INFORMATION_FORMAT = dwarf;
				ENABLE_STRICT_OBJC_MSGSEND = YES;
				ENABLE_TESTABILITY = YES;
				GCC_C_LANGUAGE_STANDARD = gnu11;
				GCC_DYNAMIC_NO_PIC = NO;
				GCC_NO_COMMON_BLOCKS = YES;
				GCC_OPTIMIZATION_LEVEL = 0;
				GCC_PREPROCESSOR_DEFINITIONS = (
					"DEBUG=1",
					"$(inherited)",
				);
				GCC_WARN_64_TO_32_BIT_CONVERSION = YES;
				GCC_WARN_ABOUT_RETURN_TYPE = YES_ERROR;
				GCC_WARN_UNDECLARED_SELECTOR = YES;
				GCC_WARN_UNINITIALIZED_AUTOS = YES_AGGRESSIVE;
				GCC_WARN_UNUSED_FUNCTION = YES;
				GCC_WARN_UNUSED_VARIABLE = YES;
				MTL_ENABLE_DEBUG_INFO = INCLUDE_SOURCE;
				MTL_FAST_MATH = YES;
				ONLY_ACTIVE_ARCH = YES;
				SWIFT_ACTIVE_COMPILATION_CONDITIONS = DEBUG;
				SWIFT_OPTIMIZATION_LEVEL = "-Onone";
			};
			name = Debug;
		};
		3645C09B2948F26D009DA373 /* Release */ = {
			isa = XCBuildConfiguration;
			buildSettings = {
				ALWAYS_SEARCH_USER_PATHS = NO;
				CLANG_ANALYZER_NONNULL = YES;
				CLANG_ANALYZER_NUMBER_OBJECT_CONVERSION = YES_AGGRESSIVE;
				CLANG_CXX_LANGUAGE_STANDARD = "gnu++20";
				CLANG_ENABLE_MODULES = YES;
				CLANG_ENABLE_OBJC_ARC = YES;
				CLANG_ENABLE_OBJC_WEAK = YES;
				CLANG_WARN_BLOCK_CAPTURE_AUTORELEASING = YES;
				CLANG_WARN_BOOL_CONVERSION = YES;
				CLANG_WARN_COMMA = YES;
				CLANG_WARN_CONSTANT_CONVERSION = YES;
				CLANG_WARN_DEPRECATED_OBJC_IMPLEMENTATIONS = YES;
				CLANG_WARN_DIRECT_OBJC_ISA_USAGE = YES_ERROR;
				CLANG_WARN_DOCUMENTATION_COMMENTS = YES;
				CLANG_WARN_EMPTY_BODY = YES;
				CLANG_WARN_ENUM_CONVERSION = YES;
				CLANG_WARN_INFINITE_RECURSION = YES;
				CLANG_WARN_INT_CONVERSION = YES;
				CLANG_WARN_NON_LITERAL_NULL_CONVERSION = YES;
				CLANG_WARN_OBJC_IMPLICIT_RETAIN_SELF = YES;
				CLANG_WARN_OBJC_LITERAL_CONVERSION = YES;
				CLANG_WARN_OBJC_ROOT_CLASS = YES_ERROR;
				CLANG_WARN_QUOTED_INCLUDE_IN_FRAMEWORK_HEADER = YES;
				CLANG_WARN_RANGE_LOOP_ANALYSIS = YES;
				CLANG_WARN_STRICT_PROTOTYPES = YES;
				CLANG_WARN_SUSPICIOUS_MOVE = YES;
				CLANG_WARN_UNGUARDED_AVAILABILITY = YES_AGGRESSIVE;
				CLANG_WARN_UNREACHABLE_CODE = YES;
				CLANG_WARN__DUPLICATE_METHOD_MATCH = YES;
				COPY_PHASE_STRIP = NO;
				DEBUG_INFORMATION_FORMAT = "dwarf-with-dsym";
				ENABLE_NS_ASSERTIONS = NO;
				ENABLE_STRICT_OBJC_MSGSEND = YES;
				GCC_C_LANGUAGE_STANDARD = gnu11;
				GCC_NO_COMMON_BLOCKS = YES;
				GCC_WARN_64_TO_32_BIT_CONVERSION = YES;
				GCC_WARN_ABOUT_RETURN_TYPE = YES_ERROR;
				GCC_WARN_UNDECLARED_SELECTOR = YES;
				GCC_WARN_UNINITIALIZED_AUTOS = YES_AGGRESSIVE;
				GCC_WARN_UNUSED_FUNCTION = YES;
				GCC_WARN_UNUSED_VARIABLE = YES;
				MTL_ENABLE_DEBUG_INFO = NO;
				MTL_FAST_MATH = YES;
				SWIFT_COMPILATION_MODE = wholemodule;
				SWIFT_OPTIMIZATION_LEVEL = "-O";
			};
			name = Release;
		};
		3645C09D2948F26D009DA373 /* Debug */ = {
			isa = XCBuildConfiguration;
			buildSettings = {
				ASSETCATALOG_COMPILER_APPICON_NAME = AppIcon;
				ASSETCATALOG_COMPILER_GLOBAL_ACCENT_COLOR_NAME = AccentColor;
				CODE_SIGN_STYLE = Automatic;
				CURRENT_PROJECT_VERSION = 1;
				DEVELOPMENT_ASSET_PATHS = "\"WatchOdoAlpha Watch App/Preview Content\"";
				DEVELOPMENT_TEAM = 99ZUCD4A48;
				ENABLE_PREVIEWS = YES;
				GENERATE_INFOPLIST_FILE = YES;
				INFOPLIST_KEY_CFBundleDisplayName = WatchOdoAlpha;
				INFOPLIST_KEY_UISupportedInterfaceOrientations = "UIInterfaceOrientationPortrait UIInterfaceOrientationPortraitUpsideDown";
				INFOPLIST_KEY_WKCompanionAppBundleIdentifier = com.DanCoWorldWide.WatchOdoAlpha;
				LD_RUNPATH_SEARCH_PATHS = (
					"$(inherited)",
					"@executable_path/Frameworks",
				);
				MARKETING_VERSION = 1.0;
				PRODUCT_BUNDLE_IDENTIFIER = com.DanCoWorldWide.WatchOdoAlpha.watchkitapp;
				PRODUCT_NAME = "$(TARGET_NAME)";
				SDKROOT = watchos;
				SKIP_INSTALL = YES;
				SWIFT_EMIT_LOC_STRINGS = YES;
				SWIFT_VERSION = 5.0;
				TARGETED_DEVICE_FAMILY = 4;
				WATCHOS_DEPLOYMENT_TARGET = 9.1;
			};
			name = Debug;
		};
		3645C09E2948F26D009DA373 /* Release */ = {
			isa = XCBuildConfiguration;
			buildSettings = {
				ASSETCATALOG_COMPILER_APPICON_NAME = AppIcon;
				ASSETCATALOG_COMPILER_GLOBAL_ACCENT_COLOR_NAME = AccentColor;
				CODE_SIGN_STYLE = Automatic;
				CURRENT_PROJECT_VERSION = 1;
				DEVELOPMENT_ASSET_PATHS = "\"WatchOdoAlpha Watch App/Preview Content\"";
				DEVELOPMENT_TEAM = 99ZUCD4A48;
				ENABLE_PREVIEWS = YES;
				GENERATE_INFOPLIST_FILE = YES;
				INFOPLIST_KEY_CFBundleDisplayName = WatchOdoAlpha;
				INFOPLIST_KEY_UISupportedInterfaceOrientations = "UIInterfaceOrientationPortrait UIInterfaceOrientationPortraitUpsideDown";
				INFOPLIST_KEY_WKCompanionAppBundleIdentifier = com.DanCoWorldWide.WatchOdoAlpha;
				LD_RUNPATH_SEARCH_PATHS = (
					"$(inherited)",
					"@executable_path/Frameworks",
				);
				MARKETING_VERSION = 1.0;
				PRODUCT_BUNDLE_IDENTIFIER = com.DanCoWorldWide.WatchOdoAlpha.watchkitapp;
				PRODUCT_NAME = "$(TARGET_NAME)";
				SDKROOT = watchos;
				SKIP_INSTALL = YES;
				SWIFT_EMIT_LOC_STRINGS = YES;
				SWIFT_VERSION = 5.0;
				TARGETED_DEVICE_FAMILY = 4;
				VALIDATE_PRODUCT = YES;
				WATCHOS_DEPLOYMENT_TARGET = 9.1;
			};
			name = Release;
		};
		3645C0A12948F26D009DA373 /* Debug */ = {
			isa = XCBuildConfiguration;
			buildSettings = {
				ALWAYS_EMBED_SWIFT_STANDARD_LIBRARIES = YES;
				ASSETCATALOG_COMPILER_APPICON_NAME = AppIcon;
				ASSETCATALOG_COMPILER_GLOBAL_ACCENT_COLOR_NAME = AccentColor;
				CODE_SIGN_STYLE = Automatic;
				CURRENT_PROJECT_VERSION = 1;
				DEVELOPMENT_ASSET_PATHS = "\"WatchOdoAlpha/Preview Content\"";
				DEVELOPMENT_TEAM = 99ZUCD4A48;
				ENABLE_PREVIEWS = YES;
				GENERATE_INFOPLIST_FILE = YES;
				INFOPLIST_KEY_CFBundleDisplayName = WatchOdoAlpha;
				INFOPLIST_KEY_UIApplicationSceneManifest_Generation = YES;
				INFOPLIST_KEY_UIApplicationSupportsIndirectInputEvents = YES;
				INFOPLIST_KEY_UILaunchScreen_Generation = YES;
				INFOPLIST_KEY_UISupportedInterfaceOrientations_iPad = "UIInterfaceOrientationPortrait UIInterfaceOrientationPortraitUpsideDown UIInterfaceOrientationLandscapeLeft UIInterfaceOrientationLandscapeRight";
				INFOPLIST_KEY_UISupportedInterfaceOrientations_iPhone = "UIInterfaceOrientationPortrait UIInterfaceOrientationLandscapeLeft UIInterfaceOrientationLandscapeRight";
				IPHONEOS_DEPLOYMENT_TARGET = 16.1;
				LD_RUNPATH_SEARCH_PATHS = (
					"$(inherited)",
					"@executable_path/Frameworks",
				);
				MARKETING_VERSION = 1.0;
				PRODUCT_BUNDLE_IDENTIFIER = com.DanCoWorldWide.WatchOdoAlpha;
				PRODUCT_NAME = "$(TARGET_NAME)";
				SDKROOT = iphoneos;
				SWIFT_EMIT_LOC_STRINGS = YES;
				SWIFT_VERSION = 5.0;
				TARGETED_DEVICE_FAMILY = "1,2";
			};
			name = Debug;
		};
		3645C0A22948F26D009DA373 /* Release */ = {
			isa = XCBuildConfiguration;
			buildSettings = {
				ALWAYS_EMBED_SWIFT_STANDARD_LIBRARIES = YES;
				ASSETCATALOG_COMPILER_APPICON_NAME = AppIcon;
				ASSETCATALOG_COMPILER_GLOBAL_ACCENT_COLOR_NAME = AccentColor;
				CODE_SIGN_STYLE = Automatic;
				CURRENT_PROJECT_VERSION = 1;
				DEVELOPMENT_ASSET_PATHS = "\"WatchOdoAlpha/Preview Content\"";
				DEVELOPMENT_TEAM = 99ZUCD4A48;
				ENABLE_PREVIEWS = YES;
				GENERATE_INFOPLIST_FILE = YES;
				INFOPLIST_KEY_CFBundleDisplayName = WatchOdoAlpha;
				INFOPLIST_KEY_UIApplicationSceneManifest_Generation = YES;
				INFOPLIST_KEY_UIApplicationSupportsIndirectInputEvents = YES;
				INFOPLIST_KEY_UILaunchScreen_Generation = YES;
				INFOPLIST_KEY_UISupportedInterfaceOrientations_iPad = "UIInterfaceOrientationPortrait UIInterfaceOrientationPortraitUpsideDown UIInterfaceOrientationLandscapeLeft UIInterfaceOrientationLandscapeRight";
				INFOPLIST_KEY_UISupportedInterfaceOrientations_iPhone = "UIInterfaceOrientationPortrait UIInterfaceOrientationLandscapeLeft UIInterfaceOrientationLandscapeRight";
				IPHONEOS_DEPLOYMENT_TARGET = 16.1;
				LD_RUNPATH_SEARCH_PATHS = (
					"$(inherited)",
					"@executable_path/Frameworks",
				);
				MARKETING_VERSION = 1.0;
				PRODUCT_BUNDLE_IDENTIFIER = com.DanCoWorldWide.WatchOdoAlpha;
				PRODUCT_NAME = "$(TARGET_NAME)";
				SDKROOT = iphoneos;
				SWIFT_EMIT_LOC_STRINGS = YES;
				SWIFT_VERSION = 5.0;
				TARGETED_DEVICE_FAMILY = "1,2";
				VALIDATE_PRODUCT = YES;
			};
			name = Release;
		};
/* End XCBuildConfiguration section */

/* Begin XCConfigurationList section */
		3645C0772948F26B009DA373 /* Build configuration list for PBXProject "WatchOdoAlpha" */ = {
			isa = XCConfigurationList;
			buildConfigurations = (
				3645C09A2948F26D009DA373 /* Debug */,
				3645C09B2948F26D009DA373 /* Release */,
			);
			defaultConfigurationIsVisible = 0;
			defaultConfigurationName = Release;
		};
		3645C09C2948F26D009DA373 /* Build configuration list for PBXNativeTarget "WatchOdoAlpha Watch App" */ = {
			isa = XCConfigurationList;
			buildConfigurations = (
				3645C09D2948F26D009DA373 /* Debug */,
				3645C09E2948F26D009DA373 /* Release */,
			);
			defaultConfigurationIsVisible = 0;
			defaultConfigurationName = Release;
		};
		3645C0A02948F26D009DA373 /* Build configuration list for PBXNativeTarget "WatchOdoAlpha" */ = {
			isa = XCConfigurationList;
			buildConfigurations = (
				3645C0A12948F26D009DA373 /* Debug */,
				3645C0A22948F26D009DA373 /* Release */,
			);
			defaultConfigurationIsVisible = 0;
			defaultConfigurationName = Release;
		};
/* End XCConfigurationList section */
	};
	rootObject = 3645C0742948F26B009DA373 /* Project object */;
}
